
Microsoft Visual Studio Solution File, Format Version 12.00
# Visual Studio Version 16
VisualStudioVersion = 16.0.32510.428
MinimumVisualStudioVersion = 10.0.40219.1
Project("{FAE04EC0-301F-11D3-BF4B-00C04F79EFBC}") = "Dongjin", "Dongjin\Dongjin.csproj", "{5A499336-C7C0-4106-8EC2-46D6F1581244}"
EndProject
Global
	GlobalSection(SolutionConfigurationPlatforms) = preSolution
		Debug|Any CPU = Debug|Any CPU
		Release|Any CPU = Release|Any CPU
	EndGlobalSection
	GlobalSection(ProjectConfigurationPlatforms) = postSolution
		{5A499336-C7C0-4106-8EC2-46D6F1581244}.Debug|Any CPU.ActiveCfg = Debug|Any CPU
		{5A499336-C7C0-4106-8EC2-46D6F1581244}.Debug|Any CPU.Build.0 = Debug|Any CPU
		{5A499336-C7C0-4106-8EC2-46D6F1581244}.Release|Any CPU.ActiveCfg = Release|Any CPU
		{5A499336-C7C0-4106-8EC2-46D6F1581244}.Release|Any CPU.Build.0 = Release|Any CPU
	EndGlobalSection
	GlobalSection(SolutionProperties) = preSolution
		HideSolutionNode = FALSE
	EndGlobalSection
	GlobalSection(ExtensibilityGlobals) = postSolution
		SolutionGuid = {67989810-0B8A-464C-A9CB-DA4FA713672A}
	EndGlobalSection
EndGlobal
